
Microsoft Visual Studio Solution File, Format Version 12.00
# Visual Studio Version 17
VisualStudioVersion = 17.14.36616.10 d17.14
MinimumVisualStudioVersion = 10.0.40219.1
Project("{FAE04EC0-301F-11D3-BF4B-00C04F79EFBC}") = "CSBotnet.Server", "CSBotnet.Server\CSBotnet.Server.csproj", "{021DA539-8A81-4517-AF7D-C3E6A1612A28}"
EndProject
Global
	GlobalSection(SolutionConfigurationPlatforms) = preSolution
		Debug|Any CPU = Debug|Any CPU
		Release|Any CPU = Release|Any CPU
	EndGlobalSection
	GlobalSection(ProjectConfigurationPlatforms) = postSolution
		{021DA539-8A81-4517-AF7D-C3E6A1612A28}.Debug|Any CPU.ActiveCfg = Debug|Any CPU
		{021DA539-8A81-4517-AF7D-C3E6A1612A28}.Debug|Any CPU.Build.0 = Debug|Any CPU
		{021DA539-8A81-4517-AF7D-C3E6A1612A28}.Release|Any CPU.ActiveCfg = Release|Any CPU
		{021DA539-8A81-4517-AF7D-C3E6A1612A28}.Release|Any CPU.Build.0 = Release|Any CPU
	EndGlobalSection
	GlobalSection(SolutionProperties) = preSolution
		HideSolutionNode = FALSE
	EndGlobalSection
	GlobalSection(ExtensibilityGlobals) = postSolution
		SolutionGuid = {F4EA0EA2-43D8-4D1D-AEA7-DEF5CD00F9C5}
	EndGlobalSection
EndGlobal
